
Microsoft Visual Studio Solution File, Format Version 12.00
# Visual Studio 2015
Project("{FAE04EC0-301F-11D3-BF4B-00C04F79EFBC}") = "RogueJRPG.CSharp", "RogueJRPG.CSharp.csproj", "{593DFB5F-9F60-FA4E-06F7-9C476DBC9AE5}"
EndProject
Global
	GlobalSection(SolutionConfigurationPlatforms) = preSolution
		Debug|Any CPU = Debug|Any CPU
		Release|Any CPU = Release|Any CPU
	EndGlobalSection
	GlobalSection(ProjectConfigurationPlatforms) = postSolution
		{593DFB5F-9F60-FA4E-06F7-9C476DBC9AE5}.Debug|Any CPU.ActiveCfg = Debug|Any CPU
		{593DFB5F-9F60-FA4E-06F7-9C476DBC9AE5}.Debug|Any CPU.Build.0 = Debug|Any CPU
		{593DFB5F-9F60-FA4E-06F7-9C476DBC9AE5}.Release|Any CPU.ActiveCfg = Release|Any CPU
		{593DFB5F-9F60-FA4E-06F7-9C476DBC9AE5}.Release|Any CPU.Build.0 = Release|Any CPU
	EndGlobalSection
	GlobalSection(SolutionProperties) = preSolution
		HideSolutionNode = FALSE
	EndGlobalSection
EndGlobal
